
Microsoft Visual Studio Solution File, Format Version 12.00
# Visual Studio 15
VisualStudioVersion = 15.0.27130.2036
MinimumVisualStudioVersion = 10.0.40219.1
Project("{FAE04EC0-301F-11D3-BF4B-00C04F79EFBC}") = "WcfServ_CarlosHernandez", "WcfServ_CarlosHernandez\WcfServ_CarlosHernandez.csproj", "{45F2722E-2CE3-4C50-904C-3363425961AF}"
EndProject
Global
	GlobalSection(SolutionConfigurationPlatforms) = preSolution
		Debug|Any CPU = Debug|Any CPU
		Release|Any CPU = Release|Any CPU
	EndGlobalSection
	GlobalSection(ProjectConfigurationPlatforms) = postSolution
		{45F2722E-2CE3-4C50-904C-3363425961AF}.Debug|Any CPU.ActiveCfg = Debug|Any CPU
		{45F2722E-2CE3-4C50-904C-3363425961AF}.Debug|Any CPU.Build.0 = Debug|Any CPU
		{45F2722E-2CE3-4C50-904C-3363425961AF}.Release|Any CPU.ActiveCfg = Release|Any CPU
		{45F2722E-2CE3-4C50-904C-3363425961AF}.Release|Any CPU.Build.0 = Release|Any CPU
	EndGlobalSection
	GlobalSection(SolutionProperties) = preSolution
		HideSolutionNode = FALSE
	EndGlobalSection
	GlobalSection(ExtensibilityGlobals) = postSolution
		SolutionGuid = {08A54167-31C7-4C6F-9489-DC7EC1DFC382}
	EndGlobalSection
EndGlobal
